
Microsoft Visual Studio Solution File, Format Version 12.00
# Visual Studio Version 17
VisualStudioVersion = 17.5.33530.505
MinimumVisualStudioVersion = 10.0.40219.1
Project("{9A19103F-16F7-4668-BE54-9A1E7A4F7556}") = "BestHTTP", ".\BestHTTP\BestHTTP.csproj", "{429087B0-0FA5-496B-BE76-CFC277081575}"
EndProject
Project("{9A19103F-16F7-4668-BE54-9A1E7A4F7556}") = "Ja3ClientTest", ".\Ja3ClientTest\Ja3ClientTest.csproj", "{7E7685FF-4D3F-428E-A443-2E20A7D943DE}"
EndProject
Global
	GlobalSection(SolutionConfigurationPlatforms) = preSolution
		Debug|Any CPU = Debug|Any CPU
		Release|Any CPU = Release|Any CPU
	EndGlobalSection
	GlobalSection(ProjectConfigurationPlatforms) = postSolution
		{429087B0-0FA5-496B-BE76-CFC277081575}.Debug|Any CPU.ActiveCfg = Debug|Any CPU
		{429087B0-0FA5-496B-BE76-CFC277081575}.Debug|Any CPU.Build.0 = Debug|Any CPU
		{429087B0-0FA5-496B-BE76-CFC277081575}.Release|Any CPU.ActiveCfg = Release|Any CPU
		{429087B0-0FA5-496B-BE76-CFC277081575}.Release|Any CPU.Build.0 = Release|Any CPU
		{7E7685FF-4D3F-428E-A443-2E20A7D943DE}.Debug|Any CPU.ActiveCfg = Debug|Any CPU
		{7E7685FF-4D3F-428E-A443-2E20A7D943DE}.Debug|Any CPU.Build.0 = Debug|Any CPU
		{7E7685FF-4D3F-428E-A443-2E20A7D943DE}.Release|Any CPU.ActiveCfg = Release|Any CPU
		{7E7685FF-4D3F-428E-A443-2E20A7D943DE}.Release|Any CPU.Build.0 = Release|Any CPU
	EndGlobalSection
	GlobalSection(SolutionProperties) = preSolution
		HideSolutionNode = FALSE
	EndGlobalSection
	GlobalSection(ExtensibilityGlobals) = postSolution
		SolutionGuid = {1C706A6F-1089-4A36-B361-3CF6AAA6C194}
	EndGlobalSection
EndGlobal
